
Microsoft Visual Studio Solution File, Format Version 12.00
# Visual Studio Version 17
VisualStudioVersion = 17.5.33627.172
MinimumVisualStudioVersion = 10.0.40219.1
Project("{FAE04EC0-301F-11D3-BF4B-00C04F79EFBC}") = "tallermodeloBD", "tallermodeloBD\tallermodeloBD.csproj", "{ABE9CEC1-A99E-4056-B9D7-93FF4BDFD909}"
EndProject
Global
	GlobalSection(SolutionConfigurationPlatforms) = preSolution
		Debug|Any CPU = Debug|Any CPU
		Release|Any CPU = Release|Any CPU
	EndGlobalSection
	GlobalSection(ProjectConfigurationPlatforms) = postSolution
		{ABE9CEC1-A99E-4056-B9D7-93FF4BDFD909}.Debug|Any CPU.ActiveCfg = Debug|Any CPU
		{ABE9CEC1-A99E-4056-B9D7-93FF4BDFD909}.Debug|Any CPU.Build.0 = Debug|Any CPU
		{ABE9CEC1-A99E-4056-B9D7-93FF4BDFD909}.Release|Any CPU.ActiveCfg = Release|Any CPU
		{ABE9CEC1-A99E-4056-B9D7-93FF4BDFD909}.Release|Any CPU.Build.0 = Release|Any CPU
	EndGlobalSection
	GlobalSection(SolutionProperties) = preSolution
		HideSolutionNode = FALSE
	EndGlobalSection
	GlobalSection(ExtensibilityGlobals) = postSolution
		SolutionGuid = {A26172AC-47CF-4803-8111-F99E46091878}
	EndGlobalSection
EndGlobal
